
Microsoft Visual Studio Solution File, Format Version 11.00
# Visual Studio 2010
Project("{FAE04EC0-301F-11D3-BF4B-00C04F79EFBC}") = "XML_Parse_Write_Example", "XML_Parse_Write_Example.csproj", "{4E712DC5-BDCA-45D9-89D2-B602C2CF5902}"
EndProject
Global
	GlobalSection(SolutionConfigurationPlatforms) = preSolution
		Debug|x86 = Debug|x86
		Release|x86 = Release|x86
	EndGlobalSection
	GlobalSection(ProjectConfigurationPlatforms) = postSolution
		{4E712DC5-BDCA-45D9-89D2-B602C2CF5902}.Debug|x86.ActiveCfg = Debug|x86
		{4E712DC5-BDCA-45D9-89D2-B602C2CF5902}.Debug|x86.Build.0 = Debug|x86
		{4E712DC5-BDCA-45D9-89D2-B602C2CF5902}.Release|x86.ActiveCfg = Release|x86
		{4E712DC5-BDCA-45D9-89D2-B602C2CF5902}.Release|x86.Build.0 = Release|x86
	EndGlobalSection
	GlobalSection(SolutionProperties) = preSolution
		HideSolutionNode = FALSE
	EndGlobalSection
EndGlobal
