
Microsoft Visual Studio Solution File, Format Version 11.00
# Visual Studio 2010
Project("{FAE04EC0-301F-11D3-BF4B-00C04F79EFBC}") = "XML_Parse_Example", "XML_Parse_Example.csproj", "{39753C23-1911-4A0B-BA3C-772EA24CFA71}"
EndProject
Global
	GlobalSection(SolutionConfigurationPlatforms) = preSolution
		Debug|x86 = Debug|x86
		Release|x86 = Release|x86
	EndGlobalSection
	GlobalSection(ProjectConfigurationPlatforms) = postSolution
		{39753C23-1911-4A0B-BA3C-772EA24CFA71}.Debug|x86.ActiveCfg = Debug|x86
		{39753C23-1911-4A0B-BA3C-772EA24CFA71}.Debug|x86.Build.0 = Debug|x86
		{39753C23-1911-4A0B-BA3C-772EA24CFA71}.Release|x86.ActiveCfg = Release|x86
		{39753C23-1911-4A0B-BA3C-772EA24CFA71}.Release|x86.Build.0 = Release|x86
	EndGlobalSection
	GlobalSection(SolutionProperties) = preSolution
		HideSolutionNode = FALSE
	EndGlobalSection
EndGlobal
